
Microsoft Visual Studio Solution File, Format Version 12.00
# Visual Studio Version 17
VisualStudioVersion = 17.14.36414.22
MinimumVisualStudioVersion = 10.0.40219.1
Project("{FAE04EC0-301F-11D3-BF4B-00C04F79EFBC}") = "task_01", "task_1\task_01.csproj", "{89136A74-836C-424D-BC19-6F3412597ADC}"
EndProject
Project("{FAE04EC0-301F-11D3-BF4B-00C04F79EFBC}") = "Task_02", "Task_2\Task_02.csproj", "{0ADCA7BC-B38A-45F3-9FBD-188E1DB7D26C}"
EndProject
Project("{FAE04EC0-301F-11D3-BF4B-00C04F79EFBC}") = "Task_03", "Task_3\Task_03.csproj", "{70A87C8F-51BD-4901-BBE6-E9B20F6B3F24}"
EndProject
Project("{FAE04EC0-301F-11D3-BF4B-00C04F79EFBC}") = "Task_04", "Task_4\Task_04.csproj", "{CFC57308-705E-43D4-97F5-22DD87803910}"
EndProject
Project("{FAE04EC0-301F-11D3-BF4B-00C04F79EFBC}") = "Task_05", "Task_5\Task_05.csproj", "{28EAC009-9A9D-4620-8FD9-0EF8D50C267A}"
EndProject
Project("{FAE04EC0-301F-11D3-BF4B-00C04F79EFBC}") = "Task_06", "Task_6\Task_06.csproj", "{3CBC4AB3-2E49-4EFC-9514-046651B2BAAE}"
EndProject
Project("{FAE04EC0-301F-11D3-BF4B-00C04F79EFBC}") = "Task_07", "Task_7\Task_07.csproj", "{C187123C-B3A5-408E-95C5-9A273983312D}"
EndProject
Project("{FAE04EC0-301F-11D3-BF4B-00C04F79EFBC}") = "Task_08", "Task_8\Task_08.csproj", "{3DDF3F26-C924-4A08-A9C3-C65CBE27596B}"
EndProject
Project("{FAE04EC0-301F-11D3-BF4B-00C04F79EFBC}") = "Task_09", "Task_9\Task_09.csproj", "{D8A79CD7-40F1-4501-BE7B-60CD53CFBA55}"
EndProject
Project("{FAE04EC0-301F-11D3-BF4B-00C04F79EFBC}") = "Task_10", "Task_10\Task_10.csproj", "{98F6E425-1739-4ADA-9973-6EC730A63116}"
EndProject
Project("{FAE04EC0-301F-11D3-BF4B-00C04F79EFBC}") = "Task_11", "Task_11\Task_11.csproj", "{DC4A5648-15F9-4215-8AB5-3F757A1E15D2}"
EndProject
Project("{FAE04EC0-301F-11D3-BF4B-00C04F79EFBC}") = "Task_12", "Task_12\Task_12.csproj", "{03164450-C3BF-4F06-83F0-410C42CA326D}"
EndProject
Project("{FAE04EC0-301F-11D3-BF4B-00C04F79EFBC}") = "Task_13", "Task_13\Task_13.csproj", "{3B7A4419-2EDB-43DD-8F0C-DC5C694C4526}"
EndProject
Project("{FAE04EC0-301F-11D3-BF4B-00C04F79EFBC}") = "Task_14", "Task_14\Task_14.csproj", "{8F0BBEB1-045D-4CE8-A027-6B883571CB82}"
EndProject
Global
	GlobalSection(SolutionConfigurationPlatforms) = preSolution
		Debug|Any CPU = Debug|Any CPU
		Release|Any CPU = Release|Any CPU
	EndGlobalSection
	GlobalSection(ProjectConfigurationPlatforms) = postSolution
		{89136A74-836C-424D-BC19-6F3412597ADC}.Debug|Any CPU.ActiveCfg = Debug|Any CPU
		{89136A74-836C-424D-BC19-6F3412597ADC}.Debug|Any CPU.Build.0 = Debug|Any CPU
		{89136A74-836C-424D-BC19-6F3412597ADC}.Release|Any CPU.ActiveCfg = Release|Any CPU
		{89136A74-836C-424D-BC19-6F3412597ADC}.Release|Any CPU.Build.0 = Release|Any CPU
		{0ADCA7BC-B38A-45F3-9FBD-188E1DB7D26C}.Debug|Any CPU.ActiveCfg = Debug|Any CPU
		{0ADCA7BC-B38A-45F3-9FBD-188E1DB7D26C}.Debug|Any CPU.Build.0 = Debug|Any CPU
		{0ADCA7BC-B38A-45F3-9FBD-188E1DB7D26C}.Release|Any CPU.ActiveCfg = Release|Any CPU
		{0ADCA7BC-B38A-45F3-9FBD-188E1DB7D26C}.Release|Any CPU.Build.0 = Release|Any CPU
		{70A87C8F-51BD-4901-BBE6-E9B20F6B3F24}.Debug|Any CPU.ActiveCfg = Debug|Any CPU
		{70A87C8F-51BD-4901-BBE6-E9B20F6B3F24}.Debug|Any CPU.Build.0 = Debug|Any CPU
		{70A87C8F-51BD-4901-BBE6-E9B20F6B3F24}.Release|Any CPU.ActiveCfg = Release|Any CPU
		{70A87C8F-51BD-4901-BBE6-E9B20F6B3F24}.Release|Any CPU.Build.0 = Release|Any CPU
		{CFC57308-705E-43D4-97F5-22DD87803910}.Debug|Any CPU.ActiveCfg = Debug|Any CPU
		{CFC57308-705E-43D4-97F5-22DD87803910}.Debug|Any CPU.Build.0 = Debug|Any CPU
		{CFC57308-705E-43D4-97F5-22DD87803910}.Release|Any CPU.ActiveCfg = Release|Any CPU
		{CFC57308-705E-43D4-97F5-22DD87803910}.Release|Any CPU.Build.0 = Release|Any CPU
		{28EAC009-9A9D-4620-8FD9-0EF8D50C267A}.Debug|Any CPU.ActiveCfg = Debug|Any CPU
		{28EAC009-9A9D-4620-8FD9-0EF8D50C267A}.Debug|Any CPU.Build.0 = Debug|Any CPU
		{28EAC009-9A9D-4620-8FD9-0EF8D50C267A}.Release|Any CPU.ActiveCfg = Release|Any CPU
		{28EAC009-9A9D-4620-8FD9-0EF8D50C267A}.Release|Any CPU.Build.0 = Release|Any CPU
		{3CBC4AB3-2E49-4EFC-9514-046651B2BAAE}.Debug|Any CPU.ActiveCfg = Debug|Any CPU
		{3CBC4AB3-2E49-4EFC-9514-046651B2BAAE}.Debug|Any CPU.Build.0 = Debug|Any CPU
		{3CBC4AB3-2E49-4EFC-9514-046651B2BAAE}.Release|Any CPU.ActiveCfg = Release|Any CPU
		{3CBC4AB3-2E49-4EFC-9514-046651B2BAAE}.Release|Any CPU.Build.0 = Release|Any CPU
		{C187123C-B3A5-408E-95C5-9A273983312D}.Debug|Any CPU.ActiveCfg = Debug|Any CPU
		{C187123C-B3A5-408E-95C5-9A273983312D}.Debug|Any CPU.Build.0 = Debug|Any CPU
		{C187123C-B3A5-408E-95C5-9A273983312D}.Release|Any CPU.ActiveCfg = Release|Any CPU
		{C187123C-B3A5-408E-95C5-9A273983312D}.Release|Any CPU.Build.0 = Release|Any CPU
		{3DDF3F26-C924-4A08-A9C3-C65CBE27596B}.Debug|Any CPU.ActiveCfg = Debug|Any CPU
		{3DDF3F26-C924-4A08-A9C3-C65CBE27596B}.Debug|Any CPU.Build.0 = Debug|Any CPU
		{3DDF3F26-C924-4A08-A9C3-C65CBE27596B}.Release|Any CPU.ActiveCfg = Release|Any CPU
		{3DDF3F26-C924-4A08-A9C3-C65CBE27596B}.Release|Any CPU.Build.0 = Release|Any CPU
		{D8A79CD7-40F1-4501-BE7B-60CD53CFBA55}.Debug|Any CPU.ActiveCfg = Debug|Any CPU
		{D8A79CD7-40F1-4501-BE7B-60CD53CFBA55}.Debug|Any CPU.Build.0 = Debug|Any CPU
		{D8A79CD7-40F1-4501-BE7B-60CD53CFBA55}.Release|Any CPU.ActiveCfg = Release|Any CPU
		{D8A79CD7-40F1-4501-BE7B-60CD53CFBA55}.Release|Any CPU.Build.0 = Release|Any CPU
		{98F6E425-1739-4ADA-9973-6EC730A63116}.Debug|Any CPU.ActiveCfg = Debug|Any CPU
		{98F6E425-1739-4ADA-9973-6EC730A63116}.Debug|Any CPU.Build.0 = Debug|Any CPU
		{98F6E425-1739-4ADA-9973-6EC730A63116}.Release|Any CPU.ActiveCfg = Release|Any CPU
		{98F6E425-1739-4ADA-9973-6EC730A63116}.Release|Any CPU.Build.0 = Release|Any CPU
		{DC4A5648-15F9-4215-8AB5-3F757A1E15D2}.Debug|Any CPU.ActiveCfg = Debug|Any CPU
		{DC4A5648-15F9-4215-8AB5-3F757A1E15D2}.Debug|Any CPU.Build.0 = Debug|Any CPU
		{DC4A5648-15F9-4215-8AB5-3F757A1E15D2}.Release|Any CPU.ActiveCfg = Release|Any CPU
		{DC4A5648-15F9-4215-8AB5-3F757A1E15D2}.Release|Any CPU.Build.0 = Release|Any CPU
		{03164450-C3BF-4F06-83F0-410C42CA326D}.Debug|Any CPU.ActiveCfg = Debug|Any CPU
		{03164450-C3BF-4F06-83F0-410C42CA326D}.Debug|Any CPU.Build.0 = Debug|Any CPU
		{03164450-C3BF-4F06-83F0-410C42CA326D}.Release|Any CPU.ActiveCfg = Release|Any CPU
		{03164450-C3BF-4F06-83F0-410C42CA326D}.Release|Any CPU.Build.0 = Release|Any CPU
		{3B7A4419-2EDB-43DD-8F0C-DC5C694C4526}.Debug|Any CPU.ActiveCfg = Debug|Any CPU
		{3B7A4419-2EDB-43DD-8F0C-DC5C694C4526}.Debug|Any CPU.Build.0 = Debug|Any CPU
		{3B7A4419-2EDB-43DD-8F0C-DC5C694C4526}.Release|Any CPU.ActiveCfg = Release|Any CPU
		{3B7A4419-2EDB-43DD-8F0C-DC5C694C4526}.Release|Any CPU.Build.0 = Release|Any CPU
		{8F0BBEB1-045D-4CE8-A027-6B883571CB82}.Debug|Any CPU.ActiveCfg = Debug|Any CPU
		{8F0BBEB1-045D-4CE8-A027-6B883571CB82}.Debug|Any CPU.Build.0 = Debug|Any CPU
		{8F0BBEB1-045D-4CE8-A027-6B883571CB82}.Release|Any CPU.ActiveCfg = Release|Any CPU
		{8F0BBEB1-045D-4CE8-A027-6B883571CB82}.Release|Any CPU.Build.0 = Release|Any CPU
	EndGlobalSection
	GlobalSection(SolutionProperties) = preSolution
		HideSolutionNode = FALSE
	EndGlobalSection
	GlobalSection(ExtensibilityGlobals) = postSolution
		SolutionGuid = {44F62E0F-F10B-4860-926C-7E738D0E589F}
	EndGlobalSection
EndGlobal
