
Microsoft Visual Studio Solution File, Format Version 12.00
# Visual Studio Version 17
VisualStudioVersion = 17.14.36429.23 d17.14
MinimumVisualStudioVersion = 10.0.40219.1
Project("{FAE04EC0-301F-11D3-BF4B-00C04F79EFBC}") = "BookShop", "BookShop\BookShop.csproj", "{F73CB260-0C03-48F8-83AC-FBECA85D4C7C}"
EndProject
Global
	GlobalSection(SolutionConfigurationPlatforms) = preSolution
		Debug|Any CPU = Debug|Any CPU
		Release|Any CPU = Release|Any CPU
	EndGlobalSection
	GlobalSection(ProjectConfigurationPlatforms) = postSolution
		{F73CB260-0C03-48F8-83AC-FBECA85D4C7C}.Debug|Any CPU.ActiveCfg = Debug|Any CPU
		{F73CB260-0C03-48F8-83AC-FBECA85D4C7C}.Debug|Any CPU.Build.0 = Debug|Any CPU
		{F73CB260-0C03-48F8-83AC-FBECA85D4C7C}.Release|Any CPU.ActiveCfg = Release|Any CPU
		{F73CB260-0C03-48F8-83AC-FBECA85D4C7C}.Release|Any CPU.Build.0 = Release|Any CPU
	EndGlobalSection
	GlobalSection(SolutionProperties) = preSolution
		HideSolutionNode = FALSE
	EndGlobalSection
	GlobalSection(ExtensibilityGlobals) = postSolution
		SolutionGuid = {4A260482-E445-49F2-8A98-D74E3A5B6F15}
	EndGlobalSection
EndGlobal
